// !$*UTF8*$!
{
	archiveVersion = 1;
	classes = {
	};
	objectVersion = 77;
	objects = {

/* Begin PBXBuildFile section */
		F57C77E92D0EC5A6006A2065 /* MainTabView.swift in Sources */ = {isa = PBXBuildFile; fileRef = F57C77E42D0EC5A6006A2065 /* MainTabView.swift */; };
		F57C77EA2D0EC5A6006A2065 /* FeedView.swift in Sources */ = {isa = PBXBuildFile; fileRef = F57C77DB2D0EC5A6006A2065 /* FeedView.swift */; };
		F57C77ED2D0EC5A6006A2065 /* FeedCell.swift in Sources */ = {isa = PBXBuildFile; fileRef = F57C77DA2D0EC5A6006A2065 /* FeedCell.swift */; };
		F57C77EF2D0EC5A6006A2065 /* RootView.swift in Sources */ = {isa = PBXBuildFile; fileRef = F57C77E22D0EC5A6006A2065 /* RootView.swift */; };
		F57C78042D0ECCBB006A2065 /* Post.swift in Sources */ = {isa = PBXBuildFile; fileRef = F57C78032D0ECCBB006A2065 /* Post.swift */; };
		F57C78142D0EE650006A2065 /* Notification.swift in Sources */ = {isa = PBXBuildFile; fileRef = F57C78132D0EE650006A2065 /* Notification.swift */; };
		F57C781A2D0EE8FF006A2065 /* UserProfile.swift in Sources */ = {isa = PBXBuildFile; fileRef = F57C78192D0EE8FF006A2065 /* UserProfile.swift */; };
		F5E351132D0DFE69005B42C4 /* TikTokCloneApp.swift in Sources */ = {isa = PBXBuildFile; fileRef = F5E351072D0DFE69005B42C4 /* TikTokCloneApp.swift */; };
		F5E351152D0DFE69005B42C4 /* Preview Assets.xcassets in Resources */ = {isa = PBXBuildFile; fileRef = F5E3510C2D0DFE69005B42C4 /* Preview Assets.xcassets */; };
		F5E351162D0DFE69005B42C4 /* Assets.xcassets in Resources */ = {isa = PBXBuildFile; fileRef = F5E351102D0DFE69005B42C4 /* Assets.xcassets */; };
		F5E3512F2D0E062F005B42C4 /* TabItem.swift in Sources */ = {isa = PBXBuildFile; fileRef = F5E3512E2D0E062F005B42C4 /* TabItem.swift */; };
/* End PBXBuildFile section */

/* Begin PBXFileReference section */
		F57C77DA2D0EC5A6006A2065 /* FeedCell.swift */ = {isa = PBXFileReference; lastKnownFileType = sourcecode.swift; path = FeedCell.swift; sourceTree = "<group>"; };
		F57C77DB2D0EC5A6006A2065 /* FeedView.swift */ = {isa = PBXFileReference; lastKnownFileType = sourcecode.swift; path = FeedView.swift; sourceTree = "<group>"; };
		F57C77E22D0EC5A6006A2065 /* RootView.swift */ = {isa = PBXFileReference; lastKnownFileType = sourcecode.swift; path = RootView.swift; sourceTree = "<group>"; };
		F57C77E42D0EC5A6006A2065 /* MainTabView.swift */ = {isa = PBXFileReference; lastKnownFileType = sourcecode.swift; path = MainTabView.swift; sourceTree = "<group>"; };
		F57C78032D0ECCBB006A2065 /* Post.swift */ = {isa = PBXFileReference; lastKnownFileType = sourcecode.swift; path = Post.swift; sourceTree = "<group>"; };
		F57C78132D0EE650006A2065 /* Notification.swift */ = {isa = PBXFileReference; lastKnownFileType = sourcecode.swift; path = Notification.swift; sourceTree = "<group>"; };
		F57C78192D0EE8FF006A2065 /* UserProfile.swift */ = {isa = PBXFileReference; lastKnownFileType = sourcecode.swift; path = UserProfile.swift; sourceTree = "<group>"; };
		F5E350EE2D0DFDC3005B42C4 /* TikTokClone.app */ = {isa = PBXFileReference; explicitFileType = wrapper.application; includeInIndex = 0; path = TikTokClone.app; sourceTree = BUILT_PRODUCTS_DIR; };
		F5E351072D0DFE69005B42C4 /* TikTokCloneApp.swift */ = {isa = PBXFileReference; lastKnownFileType = sourcecode.swift; path = TikTokCloneApp.swift; sourceTree = "<group>"; };
		F5E3510C2D0DFE69005B42C4 /* Preview Assets.xcassets */ = {isa = PBXFileReference; lastKnownFileType = folder.assetcatalog; path = "Preview Assets.xcassets"; sourceTree = "<group>"; };
		F5E351102D0DFE69005B42C4 /* Assets.xcassets */ = {isa = PBXFileReference; lastKnownFileType = folder.assetcatalog; path = Assets.xcassets; sourceTree = "<group>"; };
		F5E3512E2D0E062F005B42C4 /* TabItem.swift */ = {isa = PBXFileReference; lastKnownFileType = sourcecode.swift; path = TabItem.swift; sourceTree = "<group>"; };
/* End PBXFileReference section */

/* Begin PBXFileSystemSynchronizedRootGroup section */
		F57C77B62D0EC422006A2065 /* Enums */ = {
			isa = PBXFileSystemSynchronizedRootGroup;
			path = Enums;
			sourceTree = "<group>";
		};
		F57C77FE2D0ECA08006A2065 /* View */ = {
			isa = PBXFileSystemSynchronizedRootGroup;
			path = View;
			sourceTree = "<group>";
		};
		F57C78002D0ECA21006A2065 /* Components */ = {
			isa = PBXFileSystemSynchronizedRootGroup;
			path = Components;
			sourceTree = "<group>";
		};
		F57C78052D0ECCDB006A2065 /* Service */ = {
			isa = PBXFileSystemSynchronizedRootGroup;
			path = Service;
			sourceTree = "<group>";
		};
		F57C78062D0ECCDE006A2065 /* ViewModel */ = {
			isa = PBXFileSystemSynchronizedRootGroup;
			path = ViewModel;
			sourceTree = "<group>";
		};
		F57C780F2D0EE635006A2065 /* View */ = {
			isa = PBXFileSystemSynchronizedRootGroup;
			path = View;
			sourceTree = "<group>";
		};
		F57C78102D0EE637006A2065 /* ViewModel */ = {
			isa = PBXFileSystemSynchronizedRootGroup;
			path = ViewModel;
			sourceTree = "<group>";
		};
		F57C78152D0EE8C6006A2065 /* View */ = {
			isa = PBXFileSystemSynchronizedRootGroup;
			path = View;
			sourceTree = "<group>";
		};
		F57C78162D0EE8C8006A2065 /* ViewModel */ = {
			isa = PBXFileSystemSynchronizedRootGroup;
			path = ViewModel;
			sourceTree = "<group>";
		};
		F57C781B2D0EE97F006A2065 /* ViewModel */ = {
			isa = PBXFileSystemSynchronizedRootGroup;
			path = ViewModel;
			sourceTree = "<group>";
		};
		F5E351242D0DFEB8005B42C4 /* Components */ = {
			isa = PBXFileSystemSynchronizedRootGroup;
			path = Components;
			sourceTree = "<group>";
		};
/* End PBXFileSystemSynchronizedRootGroup section */

/* Begin PBXFrameworksBuildPhase section */
		F5E350EB2D0DFDC3005B42C4 /* Frameworks */ = {
			isa = PBXFrameworksBuildPhase;
			buildActionMask = 2147483647;
			files = (
			);
			runOnlyForDeploymentPostprocessing = 0;
		};
/* End PBXFrameworksBuildPhase section */

/* Begin PBXGroup section */
		F57C77D52D0EC5A6006A2065 /* Authentication */ = {
			isa = PBXGroup;
			children = (
			);
			path = Authentication;
			sourceTree = "<group>";
		};
		F57C77D62D0EC5A6006A2065 /* Comments */ = {
			isa = PBXGroup;
			children = (
			);
			path = Comments;
			sourceTree = "<group>";
		};
		F57C77D92D0EC5A6006A2065 /* Explore */ = {
			isa = PBXGroup;
			children = (
				F57C78162D0EE8C8006A2065 /* ViewModel */,
				F57C78152D0EE8C6006A2065 /* View */,
			);
			path = Explore;
			sourceTree = "<group>";
		};
		F57C77DC2D0EC5A6006A2065 /* View */ = {
			isa = PBXGroup;
			children = (
				F57C77DA2D0EC5A6006A2065 /* FeedCell.swift */,
				F57C77DB2D0EC5A6006A2065 /* FeedView.swift */,
			);
			path = View;
			sourceTree = "<group>";
		};
		F57C77DD2D0EC5A6006A2065 /* Feed */ = {
			isa = PBXGroup;
			children = (
				F57C78062D0ECCDE006A2065 /* ViewModel */,
				F57C78052D0ECCDB006A2065 /* Service */,
				F57C77DC2D0EC5A6006A2065 /* View */,
			);
			path = Feed;
			sourceTree = "<group>";
		};
		F57C77E02D0EC5A6006A2065 /* Notifications */ = {
			isa = PBXGroup;
			children = (
				F57C78102D0EE637006A2065 /* ViewModel */,
				F57C780F2D0EE635006A2065 /* View */,
			);
			path = Notifications;
			sourceTree = "<group>";
		};
		F57C77E12D0EC5A6006A2065 /* Profile */ = {
			isa = PBXGroup;
			children = (
				F57C781B2D0EE97F006A2065 /* ViewModel */,
				F57C78002D0ECA21006A2065 /* Components */,
				F57C77FE2D0ECA08006A2065 /* View */,
			);
			path = Profile;
			sourceTree = "<group>";
		};
		F57C77E32D0EC5A6006A2065 /* Root */ = {
			isa = PBXGroup;
			children = (
				F57C77E22D0EC5A6006A2065 /* RootView.swift */,
			);
			path = Root;
			sourceTree = "<group>";
		};
		F57C77E52D0EC5A6006A2065 /* TabBar */ = {
			isa = PBXGroup;
			children = (
				F57C77E42D0EC5A6006A2065 /* MainTabView.swift */,
			);
			path = TabBar;
			sourceTree = "<group>";
		};
		F57C77E62D0EC5A6006A2065 /* UploadMedia */ = {
			isa = PBXGroup;
			children = (
			);
			path = UploadMedia;
			sourceTree = "<group>";
		};
		F57C77E72D0EC5A6006A2065 /* Core */ = {
			isa = PBXGroup;
			children = (
				F57C77D52D0EC5A6006A2065 /* Authentication */,
				F57C77D62D0EC5A6006A2065 /* Comments */,
				F57C77D92D0EC5A6006A2065 /* Explore */,
				F57C77DD2D0EC5A6006A2065 /* Feed */,
				F57C77E02D0EC5A6006A2065 /* Notifications */,
				F57C77E12D0EC5A6006A2065 /* Profile */,
				F57C77E32D0EC5A6006A2065 /* Root */,
				F57C77E52D0EC5A6006A2065 /* TabBar */,
				F57C77E62D0EC5A6006A2065 /* UploadMedia */,
			);
			path = Core;
			sourceTree = "<group>";
		};
		F5E350E52D0DFDC3005B42C4 = {
			isa = PBXGroup;
			children = (
				F5E351122D0DFE69005B42C4 /* TikTokClone */,
				F5E350EF2D0DFDC3005B42C4 /* Products */,
			);
			sourceTree = "<group>";
		};
		F5E350EF2D0DFDC3005B42C4 /* Products */ = {
			isa = PBXGroup;
			children = (
				F5E350EE2D0DFDC3005B42C4 /* TikTokClone.app */,
			);
			name = Products;
			sourceTree = "<group>";
		};
		F5E351082D0DFE69005B42C4 /* App */ = {
			isa = PBXGroup;
			children = (
				F5E351072D0DFE69005B42C4 /* TikTokCloneApp.swift */,
			);
			path = App;
			sourceTree = "<group>";
		};
		F5E3510A2D0DFE69005B42C4 /* Extensions */ = {
			isa = PBXGroup;
			children = (
			);
			path = Extensions;
			sourceTree = "<group>";
		};
		F5E3510B2D0DFE69005B42C4 /* Model */ = {
			isa = PBXGroup;
			children = (
				F5E3512E2D0E062F005B42C4 /* TabItem.swift */,
				F57C78032D0ECCBB006A2065 /* Post.swift */,
				F57C78132D0EE650006A2065 /* Notification.swift */,
				F57C78192D0EE8FF006A2065 /* UserProfile.swift */,
			);
			path = Model;
			sourceTree = "<group>";
		};
		F5E3510D2D0DFE69005B42C4 /* Preview Content */ = {
			isa = PBXGroup;
			children = (
				F5E3510C2D0DFE69005B42C4 /* Preview Assets.xcassets */,
			);
			path = "Preview Content";
			sourceTree = "<group>";
		};
		F5E3510E2D0DFE69005B42C4 /* Services */ = {
			isa = PBXGroup;
			children = (
			);
			path = Services;
			sourceTree = "<group>";
		};
		F5E3510F2D0DFE69005B42C4 /* Utils */ = {
			isa = PBXGroup;
			children = (
				F57C77B62D0EC422006A2065 /* Enums */,
				F5E351242D0DFEB8005B42C4 /* Components */,
			);
			path = Utils;
			sourceTree = "<group>";
		};
		F5E351122D0DFE69005B42C4 /* TikTokClone */ = {
			isa = PBXGroup;
			children = (
				F5E351082D0DFE69005B42C4 /* App */,
				F57C77E72D0EC5A6006A2065 /* Core */,
				F5E3510A2D0DFE69005B42C4 /* Extensions */,
				F5E3510B2D0DFE69005B42C4 /* Model */,
				F5E3510D2D0DFE69005B42C4 /* Preview Content */,
				F5E3510E2D0DFE69005B42C4 /* Services */,
				F5E3510F2D0DFE69005B42C4 /* Utils */,
				F5E351182D0DFE76005B42C4 /* Resources */,
			);
			path = TikTokClone;
			sourceTree = "<group>";
		};
		F5E351182D0DFE76005B42C4 /* Resources */ = {
			isa = PBXGroup;
			children = (
				F5E351102D0DFE69005B42C4 /* Assets.xcassets */,
			);
			path = Resources;
			sourceTree = "<group>";
		};
/* End PBXGroup section */

/* Begin PBXNativeTarget section */
		F5E350ED2D0DFDC3005B42C4 /* TikTokClone */ = {
			isa = PBXNativeTarget;
			buildConfigurationList = F5E350FC2D0DFDC5005B42C4 /* Build configuration list for PBXNativeTarget "TikTokClone" */;
			buildPhases = (
				F5E350EA2D0DFDC3005B42C4 /* Sources */,
				F5E350EB2D0DFDC3005B42C4 /* Frameworks */,
				F5E350EC2D0DFDC3005B42C4 /* Resources */,
			);
			buildRules = (
			);
			dependencies = (
			);
			fileSystemSynchronizedGroups = (
				F57C77B62D0EC422006A2065 /* Enums */,
				F57C77FE2D0ECA08006A2065 /* View */,
				F57C78002D0ECA21006A2065 /* Components */,
				F57C78052D0ECCDB006A2065 /* Service */,
				F57C78062D0ECCDE006A2065 /* ViewModel */,
				F57C780F2D0EE635006A2065 /* View */,
				F57C78102D0EE637006A2065 /* ViewModel */,
				F57C78152D0EE8C6006A2065 /* View */,
				F57C78162D0EE8C8006A2065 /* ViewModel */,
				F57C781B2D0EE97F006A2065 /* ViewModel */,
				F5E351242D0DFEB8005B42C4 /* Components */,
			);
			name = TikTokClone;
			packageProductDependencies = (
			);
			productName = TikTokClone;
			productReference = F5E350EE2D0DFDC3005B42C4 /* TikTokClone.app */;
			productType = "com.apple.product-type.application";
		};
/* End PBXNativeTarget section */

/* Begin PBXProject section */
		F5E350E62D0DFDC3005B42C4 /* Project object */ = {
			isa = PBXProject;
			attributes = {
				BuildIndependentTargetsInParallel = 1;
				LastSwiftUpdateCheck = 1600;
				LastUpgradeCheck = 1600;
				TargetAttributes = {
					F5E350ED2D0DFDC3005B42C4 = {
						CreatedOnToolsVersion = 16.0;
					};
				};
			};
			buildConfigurationList = F5E350E92D0DFDC3005B42C4 /* Build configuration list for PBXProject "TikTokClone" */;
			developmentRegion = en;
			hasScannedForEncodings = 0;
			knownRegions = (
				en,
				Base,
			);
			mainGroup = F5E350E52D0DFDC3005B42C4;
			minimizedProjectReferenceProxies = 1;
			preferredProjectObjectVersion = 77;
			productRefGroup = F5E350EF2D0DFDC3005B42C4 /* Products */;
			projectDirPath = "";
			projectRoot = "";
			targets = (
				F5E350ED2D0DFDC3005B42C4 /* TikTokClone */,
			);
		};
/* End PBXProject section */

/* Begin PBXResourcesBuildPhase section */
		F5E350EC2D0DFDC3005B42C4 /* Resources */ = {
			isa = PBXResourcesBuildPhase;
			buildActionMask = 2147483647;
			files = (
				F5E351152D0DFE69005B42C4 /* Preview Assets.xcassets in Resources */,
				F5E351162D0DFE69005B42C4 /* Assets.xcassets in Resources */,
			);
			runOnlyForDeploymentPostprocessing = 0;
		};
/* End PBXResourcesBuildPhase section */

/* Begin PBXSourcesBuildPhase section */
		F5E350EA2D0DFDC3005B42C4 /* Sources */ = {
			isa = PBXSourcesBuildPhase;
			buildActionMask = 2147483647;
			files = (
				F5E351132D0DFE69005B42C4 /* TikTokCloneApp.swift in Sources */,
				F57C78142D0EE650006A2065 /* Notification.swift in Sources */,
				F5E3512F2D0E062F005B42C4 /* TabItem.swift in Sources */,
				F57C77E92D0EC5A6006A2065 /* MainTabView.swift in Sources */,
				F57C77EA2D0EC5A6006A2065 /* FeedView.swift in Sources */,
				F57C77ED2D0EC5A6006A2065 /* FeedCell.swift in Sources */,
				F57C78042D0ECCBB006A2065 /* Post.swift in Sources */,
				F57C77EF2D0EC5A6006A2065 /* RootView.swift in Sources */,
				F57C781A2D0EE8FF006A2065 /* UserProfile.swift in Sources */,
			);
			runOnlyForDeploymentPostprocessing = 0;
		};
/* End PBXSourcesBuildPhase section */

/* Begin XCBuildConfiguration section */
		F5E350FA2D0DFDC5005B42C4 /* Debug */ = {
			isa = XCBuildConfiguration;
			buildSettings = {
				ALWAYS_SEARCH_USER_PATHS = NO;
				ASSETCATALOG_COMPILER_GENERATE_SWIFT_ASSET_SYMBOL_EXTENSIONS = YES;
				CLANG_ANALYZER_NONNULL = YES;
				CLANG_ANALYZER_NUMBER_OBJECT_CONVERSION = YES_AGGRESSIVE;
				CLANG_CXX_LANGUAGE_STANDARD = "gnu++20";
				CLANG_ENABLE_MODULES = YES;
				CLANG_ENABLE_OBJC_ARC = YES;
				CLANG_ENABLE_OBJC_WEAK = YES;
				CLANG_WARN_BLOCK_CAPTURE_AUTORELEASING = YES;
				CLANG_WARN_BOOL_CONVERSION = YES;
				CLANG_WARN_COMMA = YES;
				CLANG_WARN_CONSTANT_CONVERSION = YES;
				CLANG_WARN_DEPRECATED_OBJC_IMPLEMENTATIONS = YES;
				CLANG_WARN_DIRECT_OBJC_ISA_USAGE = YES_ERROR;
				CLANG_WARN_DOCUMENTATION_COMMENTS = YES;
				CLANG_WARN_EMPTY_BODY = YES;
				CLANG_WARN_ENUM_CONVERSION = YES;
				CLANG_WARN_INFINITE_RECURSION = YES;
				CLANG_WARN_INT_CONVERSION = YES;
				CLANG_WARN_NON_LITERAL_NULL_CONVERSION = YES;
				CLANG_WARN_OBJC_IMPLICIT_RETAIN_SELF = YES;
				CLANG_WARN_OBJC_LITERAL_CONVERSION = YES;
				CLANG_WARN_OBJC_ROOT_CLASS = YES_ERROR;
				CLANG_WARN_QUOTED_INCLUDE_IN_FRAMEWORK_HEADER = YES;
				CLANG_WARN_RANGE_LOOP_ANALYSIS = YES;
				CLANG_WARN_STRICT_PROTOTYPES = YES;
				CLANG_WARN_SUSPICIOUS_MOVE = YES;
				CLANG_WARN_UNGUARDED_AVAILABILITY = YES_AGGRESSIVE;
				CLANG_WARN_UNREACHABLE_CODE = YES;
				CLANG_WARN__DUPLICATE_METHOD_MATCH = YES;
				COPY_PHASE_STRIP = NO;
				DEBUG_INFORMATION_FORMAT = dwarf;
				ENABLE_STRICT_OBJC_MSGSEND = YES;
				ENABLE_TESTABILITY = YES;
				ENABLE_USER_SCRIPT_SANDBOXING = YES;
				GCC_C_LANGUAGE_STANDARD = gnu17;
				GCC_DYNAMIC_NO_PIC = NO;
				GCC_NO_COMMON_BLOCKS = YES;
				GCC_OPTIMIZATION_LEVEL = 0;
				GCC_PREPROCESSOR_DEFINITIONS = (
					"DEBUG=1",
					"$(inherited)",
				);
				GCC_WARN_64_TO_32_BIT_CONVERSION = YES;
				GCC_WARN_ABOUT_RETURN_TYPE = YES_ERROR;
				GCC_WARN_UNDECLARED_SELECTOR = YES;
				GCC_WARN_UNINITIALIZED_AUTOS = YES_AGGRESSIVE;
				GCC_WARN_UNUSED_FUNCTION = YES;
				GCC_WARN_UNUSED_VARIABLE = YES;
				IPHONEOS_DEPLOYMENT_TARGET = 18.0;
				LOCALIZATION_PREFERS_STRING_CATALOGS = YES;
				MTL_ENABLE_DEBUG_INFO = INCLUDE_SOURCE;
				MTL_FAST_MATH = YES;
				ONLY_ACTIVE_ARCH = YES;
				SDKROOT = iphoneos;
				SWIFT_ACTIVE_COMPILATION_CONDITIONS = "DEBUG $(inherited)";
				SWIFT_OPTIMIZATION_LEVEL = "-Onone";
			};
			name = Debug;
		};
		F5E350FB2D0DFDC5005B42C4 /* Release */ = {
			isa = XCBuildConfiguration;
			buildSettings = {
				ALWAYS_SEARCH_USER_PATHS = NO;
				ASSETCATALOG_COMPILER_GENERATE_SWIFT_ASSET_SYMBOL_EXTENSIONS = YES;
				CLANG_ANALYZER_NONNULL = YES;
				CLANG_ANALYZER_NUMBER_OBJECT_CONVERSION = YES_AGGRESSIVE;
				CLANG_CXX_LANGUAGE_STANDARD = "gnu++20";
				CLANG_ENABLE_MODULES = YES;
				CLANG_ENABLE_OBJC_ARC = YES;
				CLANG_ENABLE_OBJC_WEAK = YES;
				CLANG_WARN_BLOCK_CAPTURE_AUTORELEASING = YES;
				CLANG_WARN_BOOL_CONVERSION = YES;
				CLANG_WARN_COMMA = YES;
				CLANG_WARN_CONSTANT_CONVERSION = YES;
				CLANG_WARN_DEPRECATED_OBJC_IMPLEMENTATIONS = YES;
				CLANG_WARN_DIRECT_OBJC_ISA_USAGE = YES_ERROR;
				CLANG_WARN_DOCUMENTATION_COMMENTS = YES;
				CLANG_WARN_EMPTY_BODY = YES;
				CLANG_WARN_ENUM_CONVERSION = YES;
				CLANG_WARN_INFINITE_RECURSION = YES;
				CLANG_WARN_INT_CONVERSION = YES;
				CLANG_WARN_NON_LITERAL_NULL_CONVERSION = YES;
				CLANG_WARN_OBJC_IMPLICIT_RETAIN_SELF = YES;
				CLANG_WARN_OBJC_LITERAL_CONVERSION = YES;
				CLANG_WARN_OBJC_ROOT_CLASS = YES_ERROR;
				CLANG_WARN_QUOTED_INCLUDE_IN_FRAMEWORK_HEADER = YES;
				CLANG_WARN_RANGE_LOOP_ANALYSIS = YES;
				CLANG_WARN_STRICT_PROTOTYPES = YES;
				CLANG_WARN_SUSPICIOUS_MOVE = YES;
				CLANG_WARN_UNGUARDED_AVAILABILITY = YES_AGGRESSIVE;
				CLANG_WARN_UNREACHABLE_CODE = YES;
				CLANG_WARN__DUPLICATE_METHOD_MATCH = YES;
				COPY_PHASE_STRIP = NO;
				DEBUG_INFORMATION_FORMAT = "dwarf-with-dsym";
				ENABLE_NS_ASSERTIONS = NO;
				ENABLE_STRICT_OBJC_MSGSEND = YES;
				ENABLE_USER_SCRIPT_SANDBOXING = YES;
				GCC_C_LANGUAGE_STANDARD = gnu17;
				GCC_NO_COMMON_BLOCKS = YES;
				GCC_WARN_64_TO_32_BIT_CONVERSION = YES;
				GCC_WARN_ABOUT_RETURN_TYPE = YES_ERROR;
				GCC_WARN_UNDECLARED_SELECTOR = YES;
				GCC_WARN_UNINITIALIZED_AUTOS = YES_AGGRESSIVE;
				GCC_WARN_UNUSED_FUNCTION = YES;
				GCC_WARN_UNUSED_VARIABLE = YES;
				IPHONEOS_DEPLOYMENT_TARGET = 18.0;
				LOCALIZATION_PREFERS_STRING_CATALOGS = YES;
				MTL_ENABLE_DEBUG_INFO = NO;
				MTL_FAST_MATH = YES;
				SDKROOT = iphoneos;
				SWIFT_COMPILATION_MODE = wholemodule;
				VALIDATE_PRODUCT = YES;
			};
			name = Release;
		};
		F5E350FD2D0DFDC5005B42C4 /* Debug */ = {
			isa = XCBuildConfiguration;
			buildSettings = {
				ASSETCATALOG_COMPILER_APPICON_NAME = AppIcon;
				ASSETCATALOG_COMPILER_GLOBAL_ACCENT_COLOR_NAME = AccentColor;
				CODE_SIGN_STYLE = Automatic;
				CURRENT_PROJECT_VERSION = 1;
				DEVELOPMENT_ASSET_PATHS = "\"TikTokClone/Preview Content\"";
				DEVELOPMENT_TEAM = T89868475G;
				ENABLE_PREVIEWS = YES;
				GENERATE_INFOPLIST_FILE = YES;
				INFOPLIST_KEY_UIApplicationSceneManifest_Generation = YES;
				INFOPLIST_KEY_UIApplicationSupportsIndirectInputEvents = YES;
				INFOPLIST_KEY_UILaunchScreen_Generation = YES;
				INFOPLIST_KEY_UISupportedInterfaceOrientations_iPad = "UIInterfaceOrientationPortrait UIInterfaceOrientationPortraitUpsideDown UIInterfaceOrientationLandscapeLeft UIInterfaceOrientationLandscapeRight";
				INFOPLIST_KEY_UISupportedInterfaceOrientations_iPhone = "UIInterfaceOrientationPortrait UIInterfaceOrientationLandscapeLeft UIInterfaceOrientationLandscapeRight";
				LD_RUNPATH_SEARCH_PATHS = (
					"$(inherited)",
					"@executable_path/Frameworks",
				);
				MARKETING_VERSION = 1.0;
				PRODUCT_BUNDLE_IDENTIFIER = com.abdullaharslan.TikTokClone;
				PRODUCT_NAME = "$(TARGET_NAME)";
				SWIFT_EMIT_LOC_STRINGS = YES;
				SWIFT_VERSION = 5.0;
				TARGETED_DEVICE_FAMILY = "1,2";
			};
			name = Debug;
		};
		F5E350FE2D0DFDC5005B42C4 /* Release */ = {
			isa = XCBuildConfiguration;
			buildSettings = {
				ASSETCATALOG_COMPILER_APPICON_NAME = AppIcon;
				ASSETCATALOG_COMPILER_GLOBAL_ACCENT_COLOR_NAME = AccentColor;
				CODE_SIGN_STYLE = Automatic;
				CURRENT_PROJECT_VERSION = 1;
				DEVELOPMENT_ASSET_PATHS = "\"TikTokClone/Preview Content\"";
				DEVELOPMENT_TEAM = T89868475G;
				ENABLE_PREVIEWS = YES;
				GENERATE_INFOPLIST_FILE = YES;
				INFOPLIST_KEY_UIApplicationSceneManifest_Generation = YES;
				INFOPLIST_KEY_UIApplicationSupportsIndirectInputEvents = YES;
				INFOPLIST_KEY_UILaunchScreen_Generation = YES;
				INFOPLIST_KEY_UISupportedInterfaceOrientations_iPad = "UIInterfaceOrientationPortrait UIInterfaceOrientationPortraitUpsideDown UIInterfaceOrientationLandscapeLeft UIInterfaceOrientationLandscapeRight";
				INFOPLIST_KEY_UISupportedInterfaceOrientations_iPhone = "UIInterfaceOrientationPortrait UIInterfaceOrientationLandscapeLeft UIInterfaceOrientationLandscapeRight";
				LD_RUNPATH_SEARCH_PATHS = (
					"$(inherited)",
					"@executable_path/Frameworks",
				);
				MARKETING_VERSION = 1.0;
				PRODUCT_BUNDLE_IDENTIFIER = com.abdullaharslan.TikTokClone;
				PRODUCT_NAME = "$(TARGET_NAME)";
				SWIFT_EMIT_LOC_STRINGS = YES;
				SWIFT_VERSION = 5.0;
				TARGETED_DEVICE_FAMILY = "1,2";
			};
			name = Release;
		};
/* End XCBuildConfiguration section */

/* Begin XCConfigurationList section */
		F5E350E92D0DFDC3005B42C4 /* Build configuration list for PBXProject "TikTokClone" */ = {
			isa = XCConfigurationList;
			buildConfigurations = (
				F5E350FA2D0DFDC5005B42C4 /* Debug */,
				F5E350FB2D0DFDC5005B42C4 /* Release */,
			);
			defaultConfigurationIsVisible = 0;
			defaultConfigurationName = Release;
		};
		F5E350FC2D0DFDC5005B42C4 /* Build configuration list for PBXNativeTarget "TikTokClone" */ = {
			isa = XCConfigurationList;
			buildConfigurations = (
				F5E350FD2D0DFDC5005B42C4 /* Debug */,
				F5E350FE2D0DFDC5005B42C4 /* Release */,
			);
			defaultConfigurationIsVisible = 0;
			defaultConfigurationName = Release;
		};
/* End XCConfigurationList section */
	};
	rootObject = F5E350E62D0DFDC3005B42C4 /* Project object */;
}
